
Microsoft Visual Studio Solution File, Format Version 12.00
# Visual Studio Version 16
VisualStudioVersion = 16.0.31515.178
MinimumVisualStudioVersion = 10.0.40219.1
Project("{FAE04EC0-301F-11D3-BF4B-00C04F79EFBC}") = "Presentation", "Presentation\Presentation.csproj", "{555456E7-FDBD-42C7-920C-8EB0E5513453}"
EndProject
Project("{FAE04EC0-301F-11D3-BF4B-00C04F79EFBC}") = "Domain", "Domain\Domain.csproj", "{7644ED04-69A1-4547-B5A3-288B8BCD1D23}"
EndProject
Project("{FAE04EC0-301F-11D3-BF4B-00C04F79EFBC}") = "Infraestructure", "Infraestructure\Infraestructure.csproj", "{29D1BF30-74FE-44D4-ACA2-848E5A3E4233}"
EndProject
Global
	GlobalSection(SolutionConfigurationPlatforms) = preSolution
		Debug|Any CPU = Debug|Any CPU
		Release|Any CPU = Release|Any CPU
	EndGlobalSection
	GlobalSection(ProjectConfigurationPlatforms) = postSolution
		{555456E7-FDBD-42C7-920C-8EB0E5513453}.Debug|Any CPU.ActiveCfg = Debug|Any CPU
		{555456E7-FDBD-42C7-920C-8EB0E5513453}.Debug|Any CPU.Build.0 = Debug|Any CPU
		{555456E7-FDBD-42C7-920C-8EB0E5513453}.Release|Any CPU.ActiveCfg = Release|Any CPU
		{555456E7-FDBD-42C7-920C-8EB0E5513453}.Release|Any CPU.Build.0 = Release|Any CPU
		{7644ED04-69A1-4547-B5A3-288B8BCD1D23}.Debug|Any CPU.ActiveCfg = Debug|Any CPU
		{7644ED04-69A1-4547-B5A3-288B8BCD1D23}.Debug|Any CPU.Build.0 = Debug|Any CPU
		{7644ED04-69A1-4547-B5A3-288B8BCD1D23}.Release|Any CPU.ActiveCfg = Release|Any CPU
		{7644ED04-69A1-4547-B5A3-288B8BCD1D23}.Release|Any CPU.Build.0 = Release|Any CPU
		{29D1BF30-74FE-44D4-ACA2-848E5A3E4233}.Debug|Any CPU.ActiveCfg = Debug|Any CPU
		{29D1BF30-74FE-44D4-ACA2-848E5A3E4233}.Debug|Any CPU.Build.0 = Debug|Any CPU
		{29D1BF30-74FE-44D4-ACA2-848E5A3E4233}.Release|Any CPU.ActiveCfg = Release|Any CPU
		{29D1BF30-74FE-44D4-ACA2-848E5A3E4233}.Release|Any CPU.Build.0 = Release|Any CPU
	EndGlobalSection
	GlobalSection(SolutionProperties) = preSolution
		HideSolutionNode = FALSE
	EndGlobalSection
	GlobalSection(ExtensibilityGlobals) = postSolution
		SolutionGuid = {260E79E5-A7DA-4649-A27B-27CADE8E9215}
	EndGlobalSection
EndGlobal
